// !$*UTF8*$!
{
	archiveVersion = 1;
	classes = {
	};
	objectVersion = 48;
	objects = {

/* Begin PBXBuildFile section */
		4513C90718F31B2F98E764E6 /* Pods_smooTests.framework in Frameworks */ = {isa = PBXBuildFile; fileRef = 1E3B1475ABED1F13040B231E /* Pods_smooTests.framework */; };
		4C021591201A2E19003FE351 /* AppDelegate.swift in Sources */ = {isa = PBXBuildFile; fileRef = 4C021590201A2E19003FE351 /* AppDelegate.swift */; };
		4C021593201A2E19003FE351 /* ViewController.swift in Sources */ = {isa = PBXBuildFile; fileRef = 4C021592201A2E19003FE351 /* ViewController.swift */; };
		4C021596201A2E19003FE351 /* Main.storyboard in Resources */ = {isa = PBXBuildFile; fileRef = 4C021594201A2E19003FE351 /* Main.storyboard */; };
		4C021598201A2E19003FE351 /* Assets.xcassets in Resources */ = {isa = PBXBuildFile; fileRef = 4C021597201A2E19003FE351 /* Assets.xcassets */; };
		4C02159B201A2E19003FE351 /* LaunchScreen.storyboard in Resources */ = {isa = PBXBuildFile; fileRef = 4C021599201A2E19003FE351 /* LaunchScreen.storyboard */; };
		4C0215A6201A2E1A003FE351 /* smooTests.swift in Sources */ = {isa = PBXBuildFile; fileRef = 4C0215A5201A2E1A003FE351 /* smooTests.swift */; };
		4C0215B1201A2E1A003FE351 /* smooUITests.swift in Sources */ = {isa = PBXBuildFile; fileRef = 4C0215B0201A2E1A003FE351 /* smooUITests.swift */; };
		4C0215FD201A635B003FE351 /* CameraController.swift in Sources */ = {isa = PBXBuildFile; fileRef = 4C0215FC201A635B003FE351 /* CameraController.swift */; };
		8AF426CD01B6149429313F29 /* Pods_smoo.framework in Frameworks */ = {isa = PBXBuildFile; fileRef = 0F9E36D821789232FF368406 /* Pods_smoo.framework */; };
		8E11E4412360534F150DFAF5 /* Pods_smooUITests.framework in Frameworks */ = {isa = PBXBuildFile; fileRef = 7FA050324976CE6A0A02E96D /* Pods_smooUITests.framework */; };
/* End PBXBuildFile section */

/* Begin PBXContainerItemProxy section */
		4C0215A2201A2E1A003FE351 /* PBXContainerItemProxy */ = {
			isa = PBXContainerItemProxy;
			containerPortal = 4C021585201A2E19003FE351 /* Project object */;
			proxyType = 1;
			remoteGlobalIDString = 4C02158C201A2E19003FE351;
			remoteInfo = smoo;
		};
		4C0215AD201A2E1A003FE351 /* PBXContainerItemProxy */ = {
			isa = PBXContainerItemProxy;
			containerPortal = 4C021585201A2E19003FE351 /* Project object */;
			proxyType = 1;
			remoteGlobalIDString = 4C02158C201A2E19003FE351;
			remoteInfo = smoo;
		};
/* End PBXContainerItemProxy section */

/* Begin PBXFileReference section */
		00A101C86296736FACB0B2ED /* Pods-smooUITests.debug.xcconfig */ = {isa = PBXFileReference; includeInIndex = 1; lastKnownFileType = text.xcconfig; name = "Pods-smooUITests.debug.xcconfig"; path = "Pods/Target Support Files/Pods-smooUITests/Pods-smooUITests.debug.xcconfig"; sourceTree = "<group>"; };
		096EF5F76B966C9DDD55CEC6 /* Pods-smoo.debug.xcconfig */ = {isa = PBXFileReference; includeInIndex = 1; lastKnownFileType = text.xcconfig; name = "Pods-smoo.debug.xcconfig"; path = "Pods/Target Support Files/Pods-smoo/Pods-smoo.debug.xcconfig"; sourceTree = "<group>"; };
		0F9E36D821789232FF368406 /* Pods_smoo.framework */ = {isa = PBXFileReference; explicitFileType = wrapper.framework; includeInIndex = 0; path = Pods_smoo.framework; sourceTree = BUILT_PRODUCTS_DIR; };
		1E3B1475ABED1F13040B231E /* Pods_smooTests.framework */ = {isa = PBXFileReference; explicitFileType = wrapper.framework; includeInIndex = 0; path = Pods_smooTests.framework; sourceTree = BUILT_PRODUCTS_DIR; };
		28780CF9E8C00A59327B9A41 /* Pods-smooTests.release.xcconfig */ = {isa = PBXFileReference; includeInIndex = 1; lastKnownFileType = text.xcconfig; name = "Pods-smooTests.release.xcconfig"; path = "Pods/Target Support Files/Pods-smooTests/Pods-smooTests.release.xcconfig"; sourceTree = "<group>"; };
		4C02158D201A2E19003FE351 /* smoo.app */ = {isa = PBXFileReference; explicitFileType = wrapper.application; includeInIndex = 0; path = smoo.app; sourceTree = BUILT_PRODUCTS_DIR; };
		4C021590201A2E19003FE351 /* AppDelegate.swift */ = {isa = PBXFileReference; lastKnownFileType = sourcecode.swift; path = AppDelegate.swift; sourceTree = "<group>"; };
		4C021592201A2E19003FE351 /* ViewController.swift */ = {isa = PBXFileReference; lastKnownFileType = sourcecode.swift; path = ViewController.swift; sourceTree = "<group>"; };
		4C021595201A2E19003FE351 /* Base */ = {isa = PBXFileReference; lastKnownFileType = file.storyboard; name = Base; path = Base.lproj/Main.storyboard; sourceTree = "<group>"; };
		4C021597201A2E19003FE351 /* Assets.xcassets */ = {isa = PBXFileReference; lastKnownFileType = folder.assetcatalog; path = Assets.xcassets; sourceTree = "<group>"; };
		4C02159A201A2E19003FE351 /* Base */ = {isa = PBXFileReference; lastKnownFileType = file.storyboard; name = Base; path = Base.lproj/LaunchScreen.storyboard; sourceTree = "<group>"; };
		4C02159C201A2E19003FE351 /* Info.plist */ = {isa = PBXFileReference; lastKnownFileType = text.plist.xml; path = Info.plist; sourceTree = "<group>"; };
		4C0215A1201A2E1A003FE351 /* smooTests.xctest */ = {isa = PBXFileReference; explicitFileType = wrapper.cfbundle; includeInIndex = 0; path = smooTests.xctest; sourceTree = BUILT_PRODUCTS_DIR; };
		4C0215A5201A2E1A003FE351 /* smooTests.swift */ = {isa = PBXFileReference; lastKnownFileType = sourcecode.swift; path = smooTests.swift; sourceTree = "<group>"; };
		4C0215A7201A2E1A003FE351 /* Info.plist */ = {isa = PBXFileReference; lastKnownFileType = text.plist.xml; path = Info.plist; sourceTree = "<group>"; };
		4C0215AC201A2E1A003FE351 /* smooUITests.xctest */ = {isa = PBXFileReference; explicitFileType = wrapper.cfbundle; includeInIndex = 0; path = smooUITests.xctest; sourceTree = BUILT_PRODUCTS_DIR; };
		4C0215B0201A2E1A003FE351 /* smooUITests.swift */ = {isa = PBXFileReference; lastKnownFileType = sourcecode.swift; path = smooUITests.swift; sourceTree = "<group>"; };
		4C0215B2201A2E1A003FE351 /* Info.plist */ = {isa = PBXFileReference; lastKnownFileType = text.plist.xml; path = Info.plist; sourceTree = "<group>"; };
		4C0215FC201A635B003FE351 /* CameraController.swift */ = {isa = PBXFileReference; lastKnownFileType = sourcecode.swift; path = CameraController.swift; sourceTree = "<group>"; };
		4E3431DF3A617C899C899808 /* Pods-smooTests.debug.xcconfig */ = {isa = PBXFileReference; includeInIndex = 1; lastKnownFileType = text.xcconfig; name = "Pods-smooTests.debug.xcconfig"; path = "Pods/Target Support Files/Pods-smooTests/Pods-smooTests.debug.xcconfig"; sourceTree = "<group>"; };
		7FA050324976CE6A0A02E96D /* Pods_smooUITests.framework */ = {isa = PBXFileReference; explicitFileType = wrapper.framework; includeInIndex = 0; path = Pods_smooUITests.framework; sourceTree = BUILT_PRODUCTS_DIR; };
		8EA9FD0FD332DA20A31B89DA /* Pods-smoo.release.xcconfig */ = {isa = PBXFileReference; includeInIndex = 1; lastKnownFileType = text.xcconfig; name = "Pods-smoo.release.xcconfig"; path = "Pods/Target Support Files/Pods-smoo/Pods-smoo.release.xcconfig"; sourceTree = "<group>"; };
		A5F7E419A8A6D9E2B04620B2 /* Pods-smooUITests.release.xcconfig */ = {isa = PBXFileReference; includeInIndex = 1; lastKnownFileType = text.xcconfig; name = "Pods-smooUITests.release.xcconfig"; path = "Pods/Target Support Files/Pods-smooUITests/Pods-smooUITests.release.xcconfig"; sourceTree = "<group>"; };
/* End PBXFileReference section */

/* Begin PBXFrameworksBuildPhase section */
		4C02158A201A2E19003FE351 /* Frameworks */ = {
			isa = PBXFrameworksBuildPhase;
			buildActionMask = 2147483647;
			files = (
				8AF426CD01B6149429313F29 /* Pods_smoo.framework in Frameworks */,
			);
			runOnlyForDeploymentPostprocessing = 0;
		};
		4C02159E201A2E19003FE351 /* Frameworks */ = {
			isa = PBXFrameworksBuildPhase;
			buildActionMask = 2147483647;
			files = (
				4513C90718F31B2F98E764E6 /* Pods_smooTests.framework in Frameworks */,
			);
			runOnlyForDeploymentPostprocessing = 0;
		};
		4C0215A9201A2E1A003FE351 /* Frameworks */ = {
			isa = PBXFrameworksBuildPhase;
			buildActionMask = 2147483647;
			files = (
				8E11E4412360534F150DFAF5 /* Pods_smooUITests.framework in Frameworks */,
			);
			runOnlyForDeploymentPostprocessing = 0;
		};
/* End PBXFrameworksBuildPhase section */

/* Begin PBXGroup section */
		1D1478CBB3F46920B519F723 /* Frameworks */ = {
			isa = PBXGroup;
			children = (
				0F9E36D821789232FF368406 /* Pods_smoo.framework */,
				1E3B1475ABED1F13040B231E /* Pods_smooTests.framework */,
				7FA050324976CE6A0A02E96D /* Pods_smooUITests.framework */,
			);
			name = Frameworks;
			sourceTree = "<group>";
		};
		4C021584201A2E19003FE351 = {
			isa = PBXGroup;
			children = (
				4C02158F201A2E19003FE351 /* smoo */,
				4C0215A4201A2E1A003FE351 /* smooTests */,
				4C0215AF201A2E1A003FE351 /* smooUITests */,
				4C02158E201A2E19003FE351 /* Products */,
				5F576074F665E4C4D17E1E17 /* Pods */,
				1D1478CBB3F46920B519F723 /* Frameworks */,
			);
			sourceTree = "<group>";
		};
		4C02158E201A2E19003FE351 /* Products */ = {
			isa = PBXGroup;
			children = (
				4C02158D201A2E19003FE351 /* smoo.app */,
				4C0215A1201A2E1A003FE351 /* smooTests.xctest */,
				4C0215AC201A2E1A003FE351 /* smooUITests.xctest */,
			);
			name = Products;
			sourceTree = "<group>";
		};
		4C02158F201A2E19003FE351 /* smoo */ = {
			isa = PBXGroup;
			children = (
				4C0215C1201A2F31003FE351 /* models */,
				4C0215C0201A2F1F003FE351 /* resources */,
				4C0215BE201A2F04003FE351 /* controllers */,
				4C021590201A2E19003FE351 /* AppDelegate.swift */,
				4C02159C201A2E19003FE351 /* Info.plist */,
			);
			path = smoo;
			sourceTree = "<group>";
		};
		4C0215A4201A2E1A003FE351 /* smooTests */ = {
			isa = PBXGroup;
			children = (
				4C0215A5201A2E1A003FE351 /* smooTests.swift */,
				4C0215A7201A2E1A003FE351 /* Info.plist */,
			);
			path = smooTests;
			sourceTree = "<group>";
		};
		4C0215AF201A2E1A003FE351 /* smooUITests */ = {
			isa = PBXGroup;
			children = (
				4C0215B0201A2E1A003FE351 /* smooUITests.swift */,
				4C0215B2201A2E1A003FE351 /* Info.plist */,
			);
			path = smooUITests;
			sourceTree = "<group>";
		};
		4C0215BE201A2F04003FE351 /* controllers */ = {
			isa = PBXGroup;
			children = (
				4C021592201A2E19003FE351 /* ViewController.swift */,
				4C0215FC201A635B003FE351 /* CameraController.swift */,
			);
			path = controllers;
			sourceTree = "<group>";
		};
		4C0215BF201A2F10003FE351 /* storyboard */ = {
			isa = PBXGroup;
			children = (
				4C021599201A2E19003FE351 /* LaunchScreen.storyboard */,
				4C021594201A2E19003FE351 /* Main.storyboard */,
			);
			path = storyboard;
			sourceTree = "<group>";
		};
		4C0215C0201A2F1F003FE351 /* resources */ = {
			isa = PBXGroup;
			children = (
				4C0215BF201A2F10003FE351 /* storyboard */,
				4C021597201A2E19003FE351 /* Assets.xcassets */,
			);
			path = resources;
			sourceTree = "<group>";
		};
		4C0215C1201A2F31003FE351 /* models */ = {
			isa = PBXGroup;
			children = (
			);
			path = models;
			sourceTree = "<group>";
		};
		5F576074F665E4C4D17E1E17 /* Pods */ = {
			isa = PBXGroup;
			children = (
				096EF5F76B966C9DDD55CEC6 /* Pods-smoo.debug.xcconfig */,
				8EA9FD0FD332DA20A31B89DA /* Pods-smoo.release.xcconfig */,
				4E3431DF3A617C899C899808 /* Pods-smooTests.debug.xcconfig */,
				28780CF9E8C00A59327B9A41 /* Pods-smooTests.release.xcconfig */,
				00A101C86296736FACB0B2ED /* Pods-smooUITests.debug.xcconfig */,
				A5F7E419A8A6D9E2B04620B2 /* Pods-smooUITests.release.xcconfig */,
			);
			name = Pods;
			sourceTree = "<group>";
		};
/* End PBXGroup section */

/* Begin PBXNativeTarget section */
		4C02158C201A2E19003FE351 /* smoo */ = {
			isa = PBXNativeTarget;
			buildConfigurationList = 4C0215B5201A2E1A003FE351 /* Build configuration list for PBXNativeTarget "smoo" */;
			buildPhases = (
				ED7CA4ED5A1441430E228379 /* [CP] Check Pods Manifest.lock */,
				4C021589201A2E19003FE351 /* Sources */,
				4C02158A201A2E19003FE351 /* Frameworks */,
				4C02158B201A2E19003FE351 /* Resources */,
				A3269EB8BCDBFBF5EEDE96AA /* [CP] Embed Pods Frameworks */,
				66081B68A8ED22F7CEE2188D /* [CP] Copy Pods Resources */,
			);
			buildRules = (
			);
			dependencies = (
			);
			name = smoo;
			productName = smoo;
			productReference = 4C02158D201A2E19003FE351 /* smoo.app */;
			productType = "com.apple.product-type.application";
		};
		4C0215A0201A2E19003FE351 /* smooTests */ = {
			isa = PBXNativeTarget;
			buildConfigurationList = 4C0215B8201A2E1A003FE351 /* Build configuration list for PBXNativeTarget "smooTests" */;
			buildPhases = (
				44CC6DF70B4840FD8592F819 /* [CP] Check Pods Manifest.lock */,
				4C02159D201A2E19003FE351 /* Sources */,
				4C02159E201A2E19003FE351 /* Frameworks */,
				4C02159F201A2E19003FE351 /* Resources */,
				163E28553AE4E31685332071 /* [CP] Embed Pods Frameworks */,
				7C25D238B24C6EC2D399F4E5 /* [CP] Copy Pods Resources */,
			);
			buildRules = (
			);
			dependencies = (
				4C0215A3201A2E1A003FE351 /* PBXTargetDependency */,
			);
			name = smooTests;
			productName = smooTests;
			productReference = 4C0215A1201A2E1A003FE351 /* smooTests.xctest */;
			productType = "com.apple.product-type.bundle.unit-test";
		};
		4C0215AB201A2E1A003FE351 /* smooUITests */ = {
			isa = PBXNativeTarget;
			buildConfigurationList = 4C0215BB201A2E1A003FE351 /* Build configuration list for PBXNativeTarget "smooUITests" */;
			buildPhases = (
				BCC2A822485D4349B8632713 /* [CP] Check Pods Manifest.lock */,
				4C0215A8201A2E1A003FE351 /* Sources */,
				4C0215A9201A2E1A003FE351 /* Frameworks */,
				4C0215AA201A2E1A003FE351 /* Resources */,
				C813129B5317B6CE01395914 /* [CP] Embed Pods Frameworks */,
				04AC3A06167DEB36A6CEDF18 /* [CP] Copy Pods Resources */,
			);
			buildRules = (
			);
			dependencies = (
				4C0215AE201A2E1A003FE351 /* PBXTargetDependency */,
			);
			name = smooUITests;
			productName = smooUITests;
			productReference = 4C0215AC201A2E1A003FE351 /* smooUITests.xctest */;
			productType = "com.apple.product-type.bundle.ui-testing";
		};
/* End PBXNativeTarget section */

/* Begin PBXProject section */
		4C021585201A2E19003FE351 /* Project object */ = {
			isa = PBXProject;
			attributes = {
				LastSwiftUpdateCheck = 0920;
				LastUpgradeCheck = 0920;
				ORGANIZATIONNAME = "Jessica Joseph";
				TargetAttributes = {
					4C02158C201A2E19003FE351 = {
						CreatedOnToolsVersion = 9.2;
						ProvisioningStyle = Automatic;
					};
					4C0215A0201A2E19003FE351 = {
						CreatedOnToolsVersion = 9.2;
						ProvisioningStyle = Automatic;
						TestTargetID = 4C02158C201A2E19003FE351;
					};
					4C0215AB201A2E1A003FE351 = {
						CreatedOnToolsVersion = 9.2;
						ProvisioningStyle = Automatic;
						TestTargetID = 4C02158C201A2E19003FE351;
					};
				};
			};
			buildConfigurationList = 4C021588201A2E19003FE351 /* Build configuration list for PBXProject "smoo" */;
			compatibilityVersion = "Xcode 8.0";
			developmentRegion = en;
			hasScannedForEncodings = 0;
			knownRegions = (
				en,
				Base,
			);
			mainGroup = 4C021584201A2E19003FE351;
			productRefGroup = 4C02158E201A2E19003FE351 /* Products */;
			projectDirPath = "";
			projectRoot = "";
			targets = (
				4C02158C201A2E19003FE351 /* smoo */,
				4C0215A0201A2E19003FE351 /* smooTests */,
				4C0215AB201A2E1A003FE351 /* smooUITests */,
			);
		};
/* End PBXProject section */

/* Begin PBXResourcesBuildPhase section */
		4C02158B201A2E19003FE351 /* Resources */ = {
			isa = PBXResourcesBuildPhase;
			buildActionMask = 2147483647;
			files = (
				4C02159B201A2E19003FE351 /* LaunchScreen.storyboard in Resources */,
				4C021598201A2E19003FE351 /* Assets.xcassets in Resources */,
				4C021596201A2E19003FE351 /* Main.storyboard in Resources */,
			);
			runOnlyForDeploymentPostprocessing = 0;
		};
		4C02159F201A2E19003FE351 /* Resources */ = {
			isa = PBXResourcesBuildPhase;
			buildActionMask = 2147483647;
			files = (
			);
			runOnlyForDeploymentPostprocessing = 0;
		};
		4C0215AA201A2E1A003FE351 /* Resources */ = {
			isa = PBXResourcesBuildPhase;
			buildActionMask = 2147483647;
			files = (
			);
			runOnlyForDeploymentPostprocessing = 0;
		};
/* End PBXResourcesBuildPhase section */

/* Begin PBXShellScriptBuildPhase section */
		04AC3A06167DEB36A6CEDF18 /* [CP] Copy Pods Resources */ = {
			isa = PBXShellScriptBuildPhase;
			buildActionMask = 2147483647;
			files = (
			);
			inputPaths = (
			);
			name = "[CP] Copy Pods Resources";
			outputPaths = (
			);
			runOnlyForDeploymentPostprocessing = 0;
			shellPath = /bin/sh;
			shellScript = "\"${SRCROOT}/Pods/Target Support Files/Pods-smooUITests/Pods-smooUITests-resources.sh\"\n";
			showEnvVarsInLog = 0;
		};
		163E28553AE4E31685332071 /* [CP] Embed Pods Frameworks */ = {
			isa = PBXShellScriptBuildPhase;
			buildActionMask = 2147483647;
			files = (
			);
			inputPaths = (
			);
			name = "[CP] Embed Pods Frameworks";
			outputPaths = (
			);
			runOnlyForDeploymentPostprocessing = 0;
			shellPath = /bin/sh;
			shellScript = "\"${SRCROOT}/Pods/Target Support Files/Pods-smooTests/Pods-smooTests-frameworks.sh\"\n";
			showEnvVarsInLog = 0;
		};
		44CC6DF70B4840FD8592F819 /* [CP] Check Pods Manifest.lock */ = {
			isa = PBXShellScriptBuildPhase;
			buildActionMask = 2147483647;
			files = (
			);
			inputPaths = (
				"${PODS_PODFILE_DIR_PATH}/Podfile.lock",
				"${PODS_ROOT}/Manifest.lock",
			);
			name = "[CP] Check Pods Manifest.lock";
			outputPaths = (
				"$(DERIVED_FILE_DIR)/Pods-smooTests-checkManifestLockResult.txt",
			);
			runOnlyForDeploymentPostprocessing = 0;
			shellPath = /bin/sh;
			shellScript = "diff \"${PODS_PODFILE_DIR_PATH}/Podfile.lock\" \"${PODS_ROOT}/Manifest.lock\" > /dev/null\nif [ $? != 0 ] ; then\n    # print error to STDERR\n    echo \"error: The sandbox is not in sync with the Podfile.lock. Run 'pod install' or update your CocoaPods installation.\" >&2\n    exit 1\nfi\n# This output is used by Xcode 'outputs' to avoid re-running this script phase.\necho \"SUCCESS\" > \"${SCRIPT_OUTPUT_FILE_0}\"\n";
			showEnvVarsInLog = 0;
		};
		66081B68A8ED22F7CEE2188D /* [CP] Copy Pods Resources */ = {
			isa = PBXShellScriptBuildPhase;
			buildActionMask = 2147483647;
			files = (
			);
			inputPaths = (
			);
			name = "[CP] Copy Pods Resources";
			outputPaths = (
			);
			runOnlyForDeploymentPostprocessing = 0;
			shellPath = /bin/sh;
			shellScript = "\"${SRCROOT}/Pods/Target Support Files/Pods-smoo/Pods-smoo-resources.sh\"\n";
			showEnvVarsInLog = 0;
		};
		7C25D238B24C6EC2D399F4E5 /* [CP] Copy Pods Resources */ = {
			isa = PBXShellScriptBuildPhase;
			buildActionMask = 2147483647;
			files = (
			);
			inputPaths = (
			);
			name = "[CP] Copy Pods Resources";
			outputPaths = (
			);
			runOnlyForDeploymentPostprocessing = 0;
			shellPath = /bin/sh;
			shellScript = "\"${SRCROOT}/Pods/Target Support Files/Pods-smooTests/Pods-smooTests-resources.sh\"\n";
			showEnvVarsInLog = 0;
		};
		A3269EB8BCDBFBF5EEDE96AA /* [CP] Embed Pods Frameworks */ = {
			isa = PBXShellScriptBuildPhase;
			buildActionMask = 2147483647;
			files = (
			);
			inputPaths = (
				"${SRCROOT}/Pods/Target Support Files/Pods-smoo/Pods-smoo-frameworks.sh",
				"${BUILT_PRODUCTS_DIR}/Bolts/Bolts.framework",
				"${BUILT_PRODUCTS_DIR}/Parse/Parse.framework",
			);
			name = "[CP] Embed Pods Frameworks";
			outputPaths = (
				"${TARGET_BUILD_DIR}/${FRAMEWORKS_FOLDER_PATH}/Bolts.framework",
				"${TARGET_BUILD_DIR}/${FRAMEWORKS_FOLDER_PATH}/Parse.framework",
			);
			runOnlyForDeploymentPostprocessing = 0;
			shellPath = /bin/sh;
			shellScript = "\"${SRCROOT}/Pods/Target Support Files/Pods-smoo/Pods-smoo-frameworks.sh\"\n";
			showEnvVarsInLog = 0;
		};
		BCC2A822485D4349B8632713 /* [CP] Check Pods Manifest.lock */ = {
			isa = PBXShellScriptBuildPhase;
			buildActionMask = 2147483647;
			files = (
			);
			inputPaths = (
				"${PODS_PODFILE_DIR_PATH}/Podfile.lock",
				"${PODS_ROOT}/Manifest.lock",
			);
			name = "[CP] Check Pods Manifest.lock";
			outputPaths = (
				"$(DERIVED_FILE_DIR)/Pods-smooUITests-checkManifestLockResult.txt",
			);
			runOnlyForDeploymentPostprocessing = 0;
			shellPath = /bin/sh;
			shellScript = "diff \"${PODS_PODFILE_DIR_PATH}/Podfile.lock\" \"${PODS_ROOT}/Manifest.lock\" > /dev/null\nif [ $? != 0 ] ; then\n    # print error to STDERR\n    echo \"error: The sandbox is not in sync with the Podfile.lock. Run 'pod install' or update your CocoaPods installation.\" >&2\n    exit 1\nfi\n# This output is used by Xcode 'outputs' to avoid re-running this script phase.\necho \"SUCCESS\" > \"${SCRIPT_OUTPUT_FILE_0}\"\n";
			showEnvVarsInLog = 0;
		};
		C813129B5317B6CE01395914 /* [CP] Embed Pods Frameworks */ = {
			isa = PBXShellScriptBuildPhase;
			buildActionMask = 2147483647;
			files = (
			);
			inputPaths = (
			);
			name = "[CP] Embed Pods Frameworks";
			outputPaths = (
			);
			runOnlyForDeploymentPostprocessing = 0;
			shellPath = /bin/sh;
			shellScript = "\"${SRCROOT}/Pods/Target Support Files/Pods-smooUITests/Pods-smooUITests-frameworks.sh\"\n";
			showEnvVarsInLog = 0;
		};
		ED7CA4ED5A1441430E228379 /* [CP] Check Pods Manifest.lock */ = {
			isa = PBXShellScriptBuildPhase;
			buildActionMask = 2147483647;
			files = (
			);
			inputPaths = (
				"${PODS_PODFILE_DIR_PATH}/Podfile.lock",
				"${PODS_ROOT}/Manifest.lock",
			);
			name = "[CP] Check Pods Manifest.lock";
			outputPaths = (
				"$(DERIVED_FILE_DIR)/Pods-smoo-checkManifestLockResult.txt",
			);
			runOnlyForDeploymentPostprocessing = 0;
			shellPath = /bin/sh;
			shellScript = "diff \"${PODS_PODFILE_DIR_PATH}/Podfile.lock\" \"${PODS_ROOT}/Manifest.lock\" > /dev/null\nif [ $? != 0 ] ; then\n    # print error to STDERR\n    echo \"error: The sandbox is not in sync with the Podfile.lock. Run 'pod install' or update your CocoaPods installation.\" >&2\n    exit 1\nfi\n# This output is used by Xcode 'outputs' to avoid re-running this script phase.\necho \"SUCCESS\" > \"${SCRIPT_OUTPUT_FILE_0}\"\n";
			showEnvVarsInLog = 0;
		};
/* End PBXShellScriptBuildPhase section */

/* Begin PBXSourcesBuildPhase section */
		4C021589201A2E19003FE351 /* Sources */ = {
			isa = PBXSourcesBuildPhase;
			buildActionMask = 2147483647;
			files = (
				4C0215FD201A635B003FE351 /* CameraController.swift in Sources */,
				4C021593201A2E19003FE351 /* ViewController.swift in Sources */,
				4C021591201A2E19003FE351 /* AppDelegate.swift in Sources */,
			);
			runOnlyForDeploymentPostprocessing = 0;
		};
		4C02159D201A2E19003FE351 /* Sources */ = {
			isa = PBXSourcesBuildPhase;
			buildActionMask = 2147483647;
			files = (
				4C0215A6201A2E1A003FE351 /* smooTests.swift in Sources */,
			);
			runOnlyForDeploymentPostprocessing = 0;
		};
		4C0215A8201A2E1A003FE351 /* Sources */ = {
			isa = PBXSourcesBuildPhase;
			buildActionMask = 2147483647;
			files = (
				4C0215B1201A2E1A003FE351 /* smooUITests.swift in Sources */,
			);
			runOnlyForDeploymentPostprocessing = 0;
		};
/* End PBXSourcesBuildPhase section */

/* Begin PBXTargetDependency section */
		4C0215A3201A2E1A003FE351 /* PBXTargetDependency */ = {
			isa = PBXTargetDependency;
			target = 4C02158C201A2E19003FE351 /* smoo */;
			targetProxy = 4C0215A2201A2E1A003FE351 /* PBXContainerItemProxy */;
		};
		4C0215AE201A2E1A003FE351 /* PBXTargetDependency */ = {
			isa = PBXTargetDependency;
			target = 4C02158C201A2E19003FE351 /* smoo */;
			targetProxy = 4C0215AD201A2E1A003FE351 /* PBXContainerItemProxy */;
		};
/* End PBXTargetDependency section */

/* Begin PBXVariantGroup section */
		4C021594201A2E19003FE351 /* Main.storyboard */ = {
			isa = PBXVariantGroup;
			children = (
				4C021595201A2E19003FE351 /* Base */,
			);
			name = Main.storyboard;
			sourceTree = "<group>";
		};
		4C021599201A2E19003FE351 /* LaunchScreen.storyboard */ = {
			isa = PBXVariantGroup;
			children = (
				4C02159A201A2E19003FE351 /* Base */,
			);
			name = LaunchScreen.storyboard;
			sourceTree = "<group>";
		};
/* End PBXVariantGroup section */

/* Begin XCBuildConfiguration section */
		4C0215B3201A2E1A003FE351 /* Debug */ = {
			isa = XCBuildConfiguration;
			buildSettings = {
				ALWAYS_SEARCH_USER_PATHS = NO;
				CLANG_ANALYZER_NONNULL = YES;
				CLANG_ANALYZER_NUMBER_OBJECT_CONVERSION = YES_AGGRESSIVE;
				CLANG_CXX_LANGUAGE_STANDARD = "gnu++14";
				CLANG_CXX_LIBRARY = "libc++";
				CLANG_ENABLE_MODULES = YES;
				CLANG_ENABLE_OBJC_ARC = YES;
				CLANG_WARN_BLOCK_CAPTURE_AUTORELEASING = YES;
				CLANG_WARN_BOOL_CONVERSION = YES;
				CLANG_WARN_COMMA = YES;
				CLANG_WARN_CONSTANT_CONVERSION = YES;
				CLANG_WARN_DIRECT_OBJC_ISA_USAGE = YES_ERROR;
				CLANG_WARN_DOCUMENTATION_COMMENTS = YES;
				CLANG_WARN_EMPTY_BODY = YES;
				CLANG_WARN_ENUM_CONVERSION = YES;
				CLANG_WARN_INFINITE_RECURSION = YES;
				CLANG_WARN_INT_CONVERSION = YES;
				CLANG_WARN_NON_LITERAL_NULL_CONVERSION = YES;
				CLANG_WARN_OBJC_LITERAL_CONVERSION = YES;
				CLANG_WARN_OBJC_ROOT_CLASS = YES_ERROR;
				CLANG_WARN_RANGE_LOOP_ANALYSIS = YES;
				CLANG_WARN_STRICT_PROTOTYPES = YES;
				CLANG_WARN_SUSPICIOUS_MOVE = YES;
				CLANG_WARN_UNGUARDED_AVAILABILITY = YES_AGGRESSIVE;
				CLANG_WARN_UNREACHABLE_CODE = YES;
				CLANG_WARN__DUPLICATE_METHOD_MATCH = YES;
				CODE_SIGN_IDENTITY = "iPhone Developer";
				COPY_PHASE_STRIP = NO;
				DEBUG_INFORMATION_FORMAT = dwarf;
				ENABLE_STRICT_OBJC_MSGSEND = YES;
				ENABLE_TESTABILITY = YES;
				GCC_C_LANGUAGE_STANDARD = gnu11;
				GCC_DYNAMIC_NO_PIC = NO;
				GCC_NO_COMMON_BLOCKS = YES;
				GCC_OPTIMIZATION_LEVEL = 0;
				GCC_PREPROCESSOR_DEFINITIONS = (
					"DEBUG=1",
					"$(inherited)",
				);
				GCC_WARN_64_TO_32_BIT_CONVERSION = YES;
				GCC_WARN_ABOUT_RETURN_TYPE = YES_ERROR;
				GCC_WARN_UNDECLARED_SELECTOR = YES;
				GCC_WARN_UNINITIALIZED_AUTOS = YES_AGGRESSIVE;
				GCC_WARN_UNUSED_FUNCTION = YES;
				GCC_WARN_UNUSED_VARIABLE = YES;
				IPHONEOS_DEPLOYMENT_TARGET = 11.2;
				MTL_ENABLE_DEBUG_INFO = YES;
				ONLY_ACTIVE_ARCH = YES;
				SDKROOT = iphoneos;
				SWIFT_ACTIVE_COMPILATION_CONDITIONS = DEBUG;
				SWIFT_OPTIMIZATION_LEVEL = "-Onone";
			};
			name = Debug;
		};
		4C0215B4201A2E1A003FE351 /* Release */ = {
			isa = XCBuildConfiguration;
			buildSettings = {
				ALWAYS_SEARCH_USER_PATHS = NO;
				CLANG_ANALYZER_NONNULL = YES;
				CLANG_ANALYZER_NUMBER_OBJECT_CONVERSION = YES_AGGRESSIVE;
				CLANG_CXX_LANGUAGE_STANDARD = "gnu++14";
				CLANG_CXX_LIBRARY = "libc++";
				CLANG_ENABLE_MODULES = YES;
				CLANG_ENABLE_OBJC_ARC = YES;
				CLANG_WARN_BLOCK_CAPTURE_AUTORELEASING = YES;
				CLANG_WARN_BOOL_CONVERSION = YES;
				CLANG_WARN_COMMA = YES;
				CLANG_WARN_CONSTANT_CONVERSION = YES;
				CLANG_WARN_DIRECT_OBJC_ISA_USAGE = YES_ERROR;
				CLANG_WARN_DOCUMENTATION_COMMENTS = YES;
				CLANG_WARN_EMPTY_BODY = YES;
				CLANG_WARN_ENUM_CONVERSION = YES;
				CLANG_WARN_INFINITE_RECURSION = YES;
				CLANG_WARN_INT_CONVERSION = YES;
				CLANG_WARN_NON_LITERAL_NULL_CONVERSION = YES;
				CLANG_WARN_OBJC_LITERAL_CONVERSION = YES;
				CLANG_WARN_OBJC_ROOT_CLASS = YES_ERROR;
				CLANG_WARN_RANGE_LOOP_ANALYSIS = YES;
				CLANG_WARN_STRICT_PROTOTYPES = YES;
				CLANG_WARN_SUSPICIOUS_MOVE = YES;
				CLANG_WARN_UNGUARDED_AVAILABILITY = YES_AGGRESSIVE;
				CLANG_WARN_UNREACHABLE_CODE = YES;
				CLANG_WARN__DUPLICATE_METHOD_MATCH = YES;
				CODE_SIGN_IDENTITY = "iPhone Developer";
				COPY_PHASE_STRIP = NO;
				DEBUG_INFORMATION_FORMAT = "dwarf-with-dsym";
				ENABLE_NS_ASSERTIONS = NO;
				ENABLE_STRICT_OBJC_MSGSEND = YES;
				GCC_C_LANGUAGE_STANDARD = gnu11;
				GCC_NO_COMMON_BLOCKS = YES;
				GCC_WARN_64_TO_32_BIT_CONVERSION = YES;
				GCC_WARN_ABOUT_RETURN_TYPE = YES_ERROR;
				GCC_WARN_UNDECLARED_SELECTOR = YES;
				GCC_WARN_UNINITIALIZED_AUTOS = YES_AGGRESSIVE;
				GCC_WARN_UNUSED_FUNCTION = YES;
				GCC_WARN_UNUSED_VARIABLE = YES;
				IPHONEOS_DEPLOYMENT_TARGET = 11.2;
				MTL_ENABLE_DEBUG_INFO = NO;
				SDKROOT = iphoneos;
				SWIFT_OPTIMIZATION_LEVEL = "-Owholemodule";
				VALIDATE_PRODUCT = YES;
			};
			name = Release;
		};
		4C0215B6201A2E1A003FE351 /* Debug */ = {
			isa = XCBuildConfiguration;
			baseConfigurationReference = 096EF5F76B966C9DDD55CEC6 /* Pods-smoo.debug.xcconfig */;
			buildSettings = {
				ASSETCATALOG_COMPILER_APPICON_NAME = AppIcon;
				CODE_SIGN_STYLE = Automatic;
				DEVELOPMENT_TEAM = G87HUM96UL;
				INFOPLIST_FILE = smoo/Info.plist;
				LD_RUNPATH_SEARCH_PATHS = "$(inherited) @executable_path/Frameworks";
				PRODUCT_BUNDLE_IDENTIFIER = com.theflawlesshack.smoo;
				PRODUCT_NAME = "$(TARGET_NAME)";
				SWIFT_VERSION = 4.0;
				TARGETED_DEVICE_FAMILY = "1,2";
			};
			name = Debug;
		};
		4C0215B7201A2E1A003FE351 /* Release */ = {
			isa = XCBuildConfiguration;
			baseConfigurationReference = 8EA9FD0FD332DA20A31B89DA /* Pods-smoo.release.xcconfig */;
			buildSettings = {
				ASSETCATALOG_COMPILER_APPICON_NAME = AppIcon;
				CODE_SIGN_STYLE = Automatic;
				DEVELOPMENT_TEAM = G87HUM96UL;
				INFOPLIST_FILE = smoo/Info.plist;
				LD_RUNPATH_SEARCH_PATHS = "$(inherited) @executable_path/Frameworks";
				PRODUCT_BUNDLE_IDENTIFIER = com.theflawlesshack.smoo;
				PRODUCT_NAME = "$(TARGET_NAME)";
				SWIFT_VERSION = 4.0;
				TARGETED_DEVICE_FAMILY = "1,2";
			};
			name = Release;
		};
		4C0215B9201A2E1A003FE351 /* Debug */ = {
			isa = XCBuildConfiguration;
			baseConfigurationReference = 4E3431DF3A617C899C899808 /* Pods-smooTests.debug.xcconfig */;
			buildSettings = {
				ALWAYS_EMBED_SWIFT_STANDARD_LIBRARIES = YES;
				BUNDLE_LOADER = "$(TEST_HOST)";
				CODE_SIGN_STYLE = Automatic;
				DEVELOPMENT_TEAM = G87HUM96UL;
				INFOPLIST_FILE = smooTests/Info.plist;
				LD_RUNPATH_SEARCH_PATHS = "$(inherited) @executable_path/Frameworks @loader_path/Frameworks";
				PRODUCT_BUNDLE_IDENTIFIER = com.theflawlesshack.smooTests;
				PRODUCT_NAME = "$(TARGET_NAME)";
				SWIFT_VERSION = 4.0;
				TARGETED_DEVICE_FAMILY = "1,2";
				TEST_HOST = "$(BUILT_PRODUCTS_DIR)/smoo.app/smoo";
			};
			name = Debug;
		};
		4C0215BA201A2E1A003FE351 /* Release */ = {
			isa = XCBuildConfiguration;
			baseConfigurationReference = 28780CF9E8C00A59327B9A41 /* Pods-smooTests.release.xcconfig */;
			buildSettings = {
				ALWAYS_EMBED_SWIFT_STANDARD_LIBRARIES = YES;
				BUNDLE_LOADER = "$(TEST_HOST)";
				CODE_SIGN_STYLE = Automatic;
				DEVELOPMENT_TEAM = G87HUM96UL;
				INFOPLIST_FILE = smooTests/Info.plist;
				LD_RUNPATH_SEARCH_PATHS = "$(inherited) @executable_path/Frameworks @loader_path/Frameworks";
				PRODUCT_BUNDLE_IDENTIFIER = com.theflawlesshack.smooTests;
				PRODUCT_NAME = "$(TARGET_NAME)";
				SWIFT_VERSION = 4.0;
				TARGETED_DEVICE_FAMILY = "1,2";
				TEST_HOST = "$(BUILT_PRODUCTS_DIR)/smoo.app/smoo";
			};
			name = Release;
		};
		4C0215BC201A2E1A003FE351 /* Debug */ = {
			isa = XCBuildConfiguration;
			baseConfigurationReference = 00A101C86296736FACB0B2ED /* Pods-smooUITests.debug.xcconfig */;
			buildSettings = {
				ALWAYS_EMBED_SWIFT_STANDARD_LIBRARIES = YES;
				CODE_SIGN_STYLE = Automatic;
				DEVELOPMENT_TEAM = G87HUM96UL;
				INFOPLIST_FILE = smooUITests/Info.plist;
				LD_RUNPATH_SEARCH_PATHS = "$(inherited) @executable_path/Frameworks @loader_path/Frameworks";
				PRODUCT_BUNDLE_IDENTIFIER = com.theflawlesshack.smooUITests;
				PRODUCT_NAME = "$(TARGET_NAME)";
				SWIFT_VERSION = 4.0;
				TARGETED_DEVICE_FAMILY = "1,2";
				TEST_TARGET_NAME = smoo;
			};
			name = Debug;
		};
		4C0215BD201A2E1A003FE351 /* Release */ = {
			isa = XCBuildConfiguration;
			baseConfigurationReference = A5F7E419A8A6D9E2B04620B2 /* Pods-smooUITests.release.xcconfig */;
			buildSettings = {
				ALWAYS_EMBED_SWIFT_STANDARD_LIBRARIES = YES;
				CODE_SIGN_STYLE = Automatic;
				DEVELOPMENT_TEAM = G87HUM96UL;
				INFOPLIST_FILE = smooUITests/Info.plist;
				LD_RUNPATH_SEARCH_PATHS = "$(inherited) @executable_path/Frameworks @loader_path/Frameworks";
				PRODUCT_BUNDLE_IDENTIFIER = com.theflawlesshack.smooUITests;
				PRODUCT_NAME = "$(TARGET_NAME)";
				SWIFT_VERSION = 4.0;
				TARGETED_DEVICE_FAMILY = "1,2";
				TEST_TARGET_NAME = smoo;
			};
			name = Release;
		};
/* End XCBuildConfiguration section */

/* Begin XCConfigurationList section */
		4C021588201A2E19003FE351 /* Build configuration list for PBXProject "smoo" */ = {
			isa = XCConfigurationList;
			buildConfigurations = (
				4C0215B3201A2E1A003FE351 /* Debug */,
				4C0215B4201A2E1A003FE351 /* Release */,
			);
			defaultConfigurationIsVisible = 0;
			defaultConfigurationName = Release;
		};
		4C0215B5201A2E1A003FE351 /* Build configuration list for PBXNativeTarget "smoo" */ = {
			isa = XCConfigurationList;
			buildConfigurations = (
				4C0215B6201A2E1A003FE351 /* Debug */,
				4C0215B7201A2E1A003FE351 /* Release */,
			);
			defaultConfigurationIsVisible = 0;
			defaultConfigurationName = Release;
		};
		4C0215B8201A2E1A003FE351 /* Build configuration list for PBXNativeTarget "smooTests" */ = {
			isa = XCConfigurationList;
			buildConfigurations = (
				4C0215B9201A2E1A003FE351 /* Debug */,
				4C0215BA201A2E1A003FE351 /* Release */,
			);
			defaultConfigurationIsVisible = 0;
			defaultConfigurationName = Release;
		};
		4C0215BB201A2E1A003FE351 /* Build configuration list for PBXNativeTarget "smooUITests" */ = {
			isa = XCConfigurationList;
			buildConfigurations = (
				4C0215BC201A2E1A003FE351 /* Debug */,
				4C0215BD201A2E1A003FE351 /* Release */,
			);
			defaultConfigurationIsVisible = 0;
			defaultConfigurationName = Release;
		};
/* End XCConfigurationList section */
	};
	rootObject = 4C021585201A2E19003FE351 /* Project object */;
}
