// !$*UTF8*$!
{
	archiveVersion = 1;
	classes = {
	};
	objectVersion = 48;
	objects = {

/* Begin PBXBuildFile section */
		4C021591201A2E19003FE351 /* AppDelegate.swift in Sources */ = {isa = PBXBuildFile; fileRef = 4C021590201A2E19003FE351 /* AppDelegate.swift */; };
		4C021593201A2E19003FE351 /* ViewController.swift in Sources */ = {isa = PBXBuildFile; fileRef = 4C021592201A2E19003FE351 /* ViewController.swift */; };
		4C021596201A2E19003FE351 /* Main.storyboard in Resources */ = {isa = PBXBuildFile; fileRef = 4C021594201A2E19003FE351 /* Main.storyboard */; };
		4C021598201A2E19003FE351 /* Assets.xcassets in Resources */ = {isa = PBXBuildFile; fileRef = 4C021597201A2E19003FE351 /* Assets.xcassets */; };
		4C02159B201A2E19003FE351 /* LaunchScreen.storyboard in Resources */ = {isa = PBXBuildFile; fileRef = 4C021599201A2E19003FE351 /* LaunchScreen.storyboard */; };
		4C0215A6201A2E1A003FE351 /* smooTests.swift in Sources */ = {isa = PBXBuildFile; fileRef = 4C0215A5201A2E1A003FE351 /* smooTests.swift */; };
		4C0215B1201A2E1A003FE351 /* smooUITests.swift in Sources */ = {isa = PBXBuildFile; fileRef = 4C0215B0201A2E1A003FE351 /* smooUITests.swift */; };
/* End PBXBuildFile section */

/* Begin PBXContainerItemProxy section */
		4C0215A2201A2E1A003FE351 /* PBXContainerItemProxy */ = {
			isa = PBXContainerItemProxy;
			containerPortal = 4C021585201A2E19003FE351 /* Project object */;
			proxyType = 1;
			remoteGlobalIDString = 4C02158C201A2E19003FE351;
			remoteInfo = smoo;
		};
		4C0215AD201A2E1A003FE351 /* PBXContainerItemProxy */ = {
			isa = PBXContainerItemProxy;
			containerPortal = 4C021585201A2E19003FE351 /* Project object */;
			proxyType = 1;
			remoteGlobalIDString = 4C02158C201A2E19003FE351;
			remoteInfo = smoo;
		};
/* End PBXContainerItemProxy section */

/* Begin PBXFileReference section */
		4C02158D201A2E19003FE351 /* smoo.app */ = {isa = PBXFileReference; explicitFileType = wrapper.application; includeInIndex = 0; path = smoo.app; sourceTree = BUILT_PRODUCTS_DIR; };
		4C021590201A2E19003FE351 /* AppDelegate.swift */ = {isa = PBXFileReference; lastKnownFileType = sourcecode.swift; path = AppDelegate.swift; sourceTree = "<group>"; };
		4C021592201A2E19003FE351 /* ViewController.swift */ = {isa = PBXFileReference; lastKnownFileType = sourcecode.swift; path = ViewController.swift; sourceTree = "<group>"; };
		4C021595201A2E19003FE351 /* Base */ = {isa = PBXFileReference; lastKnownFileType = file.storyboard; name = Base; path = Base.lproj/Main.storyboard; sourceTree = "<group>"; };
		4C021597201A2E19003FE351 /* Assets.xcassets */ = {isa = PBXFileReference; lastKnownFileType = folder.assetcatalog; path = Assets.xcassets; sourceTree = "<group>"; };
		4C02159A201A2E19003FE351 /* Base */ = {isa = PBXFileReference; lastKnownFileType = file.storyboard; name = Base; path = Base.lproj/LaunchScreen.storyboard; sourceTree = "<group>"; };
		4C02159C201A2E19003FE351 /* Info.plist */ = {isa = PBXFileReference; lastKnownFileType = text.plist.xml; path = Info.plist; sourceTree = "<group>"; };
		4C0215A1201A2E1A003FE351 /* smooTests.xctest */ = {isa = PBXFileReference; explicitFileType = wrapper.cfbundle; includeInIndex = 0; path = smooTests.xctest; sourceTree = BUILT_PRODUCTS_DIR; };
		4C0215A5201A2E1A003FE351 /* smooTests.swift */ = {isa = PBXFileReference; lastKnownFileType = sourcecode.swift; path = smooTests.swift; sourceTree = "<group>"; };
		4C0215A7201A2E1A003FE351 /* Info.plist */ = {isa = PBXFileReference; lastKnownFileType = text.plist.xml; path = Info.plist; sourceTree = "<group>"; };
		4C0215AC201A2E1A003FE351 /* smooUITests.xctest */ = {isa = PBXFileReference; explicitFileType = wrapper.cfbundle; includeInIndex = 0; path = smooUITests.xctest; sourceTree = BUILT_PRODUCTS_DIR; };
		4C0215B0201A2E1A003FE351 /* smooUITests.swift */ = {isa = PBXFileReference; lastKnownFileType = sourcecode.swift; path = smooUITests.swift; sourceTree = "<group>"; };
		4C0215B2201A2E1A003FE351 /* Info.plist */ = {isa = PBXFileReference; lastKnownFileType = text.plist.xml; path = Info.plist; sourceTree = "<group>"; };
/* End PBXFileReference section */

/* Begin PBXFrameworksBuildPhase section */
		4C02158A201A2E19003FE351 /* Frameworks */ = {
			isa = PBXFrameworksBuildPhase;
			buildActionMask = 2147483647;
			files = (
			);
			runOnlyForDeploymentPostprocessing = 0;
		};
		4C02159E201A2E19003FE351 /* Frameworks */ = {
			isa = PBXFrameworksBuildPhase;
			buildActionMask = 2147483647;
			files = (
			);
			runOnlyForDeploymentPostprocessing = 0;
		};
		4C0215A9201A2E1A003FE351 /* Frameworks */ = {
			isa = PBXFrameworksBuildPhase;
			buildActionMask = 2147483647;
			files = (
			);
			runOnlyForDeploymentPostprocessing = 0;
		};
/* End PBXFrameworksBuildPhase section */

/* Begin PBXGroup section */
		4C021584201A2E19003FE351 = {
			isa = PBXGroup;
			children = (
				4C02158F201A2E19003FE351 /* smoo */,
				4C0215A4201A2E1A003FE351 /* smooTests */,
				4C0215AF201A2E1A003FE351 /* smooUITests */,
				4C02158E201A2E19003FE351 /* Products */,
			);
			sourceTree = "<group>";
		};
		4C02158E201A2E19003FE351 /* Products */ = {
			isa = PBXGroup;
			children = (
				4C02158D201A2E19003FE351 /* smoo.app */,
				4C0215A1201A2E1A003FE351 /* smooTests.xctest */,
				4C0215AC201A2E1A003FE351 /* smooUITests.xctest */,
			);
			name = Products;
			sourceTree = "<group>";
		};
		4C02158F201A2E19003FE351 /* smoo */ = {
			isa = PBXGroup;
			children = (
				4C0215C1201A2F31003FE351 /* models */,
				4C0215C0201A2F1F003FE351 /* resources */,
				4C0215BE201A2F04003FE351 /* controllers */,
				4C021590201A2E19003FE351 /* AppDelegate.swift */,
				4C02159C201A2E19003FE351 /* Info.plist */,
			);
			path = smoo;
			sourceTree = "<group>";
		};
		4C0215A4201A2E1A003FE351 /* smooTests */ = {
			isa = PBXGroup;
			children = (
				4C0215A5201A2E1A003FE351 /* smooTests.swift */,
				4C0215A7201A2E1A003FE351 /* Info.plist */,
			);
			path = smooTests;
			sourceTree = "<group>";
		};
		4C0215AF201A2E1A003FE351 /* smooUITests */ = {
			isa = PBXGroup;
			children = (
				4C0215B0201A2E1A003FE351 /* smooUITests.swift */,
				4C0215B2201A2E1A003FE351 /* Info.plist */,
			);
			path = smooUITests;
			sourceTree = "<group>";
		};
		4C0215BE201A2F04003FE351 /* controllers */ = {
			isa = PBXGroup;
			children = (
				4C021592201A2E19003FE351 /* ViewController.swift */,
			);
			path = controllers;
			sourceTree = "<group>";
		};
		4C0215BF201A2F10003FE351 /* storyboard */ = {
			isa = PBXGroup;
			children = (
				4C021599201A2E19003FE351 /* LaunchScreen.storyboard */,
				4C021594201A2E19003FE351 /* Main.storyboard */,
			);
			path = storyboard;
			sourceTree = "<group>";
		};
		4C0215C0201A2F1F003FE351 /* resources */ = {
			isa = PBXGroup;
			children = (
				4C0215BF201A2F10003FE351 /* storyboard */,
				4C021597201A2E19003FE351 /* Assets.xcassets */,
			);
			path = resources;
			sourceTree = "<group>";
		};
		4C0215C1201A2F31003FE351 /* models */ = {
			isa = PBXGroup;
			children = (
			);
			path = models;
			sourceTree = "<group>";
		};
/* End PBXGroup section */

/* Begin PBXNativeTarget section */
		4C02158C201A2E19003FE351 /* smoo */ = {
			isa = PBXNativeTarget;
			buildConfigurationList = 4C0215B5201A2E1A003FE351 /* Build configuration list for PBXNativeTarget "smoo" */;
			buildPhases = (
				4C021589201A2E19003FE351 /* Sources */,
				4C02158A201A2E19003FE351 /* Frameworks */,
				4C02158B201A2E19003FE351 /* Resources */,
			);
			buildRules = (
			);
			dependencies = (
			);
			name = smoo;
			productName = smoo;
			productReference = 4C02158D201A2E19003FE351 /* smoo.app */;
			productType = "com.apple.product-type.application";
		};
		4C0215A0201A2E19003FE351 /* smooTests */ = {
			isa = PBXNativeTarget;
			buildConfigurationList = 4C0215B8201A2E1A003FE351 /* Build configuration list for PBXNativeTarget "smooTests" */;
			buildPhases = (
				4C02159D201A2E19003FE351 /* Sources */,
				4C02159E201A2E19003FE351 /* Frameworks */,
				4C02159F201A2E19003FE351 /* Resources */,
			);
			buildRules = (
			);
			dependencies = (
				4C0215A3201A2E1A003FE351 /* PBXTargetDependency */,
			);
			name = smooTests;
			productName = smooTests;
			productReference = 4C0215A1201A2E1A003FE351 /* smooTests.xctest */;
			productType = "com.apple.product-type.bundle.unit-test";
		};
		4C0215AB201A2E1A003FE351 /* smooUITests */ = {
			isa = PBXNativeTarget;
			buildConfigurationList = 4C0215BB201A2E1A003FE351 /* Build configuration list for PBXNativeTarget "smooUITests" */;
			buildPhases = (
				4C0215A8201A2E1A003FE351 /* Sources */,
				4C0215A9201A2E1A003FE351 /* Frameworks */,
				4C0215AA201A2E1A003FE351 /* Resources */,
			);
			buildRules = (
			);
			dependencies = (
				4C0215AE201A2E1A003FE351 /* PBXTargetDependency */,
			);
			name = smooUITests;
			productName = smooUITests;
			productReference = 4C0215AC201A2E1A003FE351 /* smooUITests.xctest */;
			productType = "com.apple.product-type.bundle.ui-testing";
		};
/* End PBXNativeTarget section */

/* Begin PBXProject section */
		4C021585201A2E19003FE351 /* Project object */ = {
			isa = PBXProject;
			attributes = {
				LastSwiftUpdateCheck = 0920;
				LastUpgradeCheck = 0920;
				ORGANIZATIONNAME = "Jessica Joseph";
				TargetAttributes = {
					4C02158C201A2E19003FE351 = {
						CreatedOnToolsVersion = 9.2;
						ProvisioningStyle = Automatic;
					};
					4C0215A0201A2E19003FE351 = {
						CreatedOnToolsVersion = 9.2;
						ProvisioningStyle = Automatic;
						TestTargetID = 4C02158C201A2E19003FE351;
					};
					4C0215AB201A2E1A003FE351 = {
						CreatedOnToolsVersion = 9.2;
						ProvisioningStyle = Automatic;
						TestTargetID = 4C02158C201A2E19003FE351;
					};
				};
			};
			buildConfigurationList = 4C021588201A2E19003FE351 /* Build configuration list for PBXProject "smoo" */;
			compatibilityVersion = "Xcode 8.0";
			developmentRegion = en;
			hasScannedForEncodings = 0;
			knownRegions = (
				en,
				Base,
			);
			mainGroup = 4C021584201A2E19003FE351;
			productRefGroup = 4C02158E201A2E19003FE351 /* Products */;
			projectDirPath = "";
			projectRoot = "";
			targets = (
				4C02158C201A2E19003FE351 /* smoo */,
				4C0215A0201A2E19003FE351 /* smooTests */,
				4C0215AB201A2E1A003FE351 /* smooUITests */,
			);
		};
/* End PBXProject section */

/* Begin PBXResourcesBuildPhase section */
		4C02158B201A2E19003FE351 /* Resources */ = {
			isa = PBXResourcesBuildPhase;
			buildActionMask = 2147483647;
			files = (
				4C02159B201A2E19003FE351 /* LaunchScreen.storyboard in Resources */,
				4C021598201A2E19003FE351 /* Assets.xcassets in Resources */,
				4C021596201A2E19003FE351 /* Main.storyboard in Resources */,
			);
			runOnlyForDeploymentPostprocessing = 0;
		};
		4C02159F201A2E19003FE351 /* Resources */ = {
			isa = PBXResourcesBuildPhase;
			buildActionMask = 2147483647;
			files = (
			);
			runOnlyForDeploymentPostprocessing = 0;
		};
		4C0215AA201A2E1A003FE351 /* Resources */ = {
			isa = PBXResourcesBuildPhase;
			buildActionMask = 2147483647;
			files = (
			);
			runOnlyForDeploymentPostprocessing = 0;
		};
/* End PBXResourcesBuildPhase section */

/* Begin PBXSourcesBuildPhase section */
		4C021589201A2E19003FE351 /* Sources */ = {
			isa = PBXSourcesBuildPhase;
			buildActionMask = 2147483647;
			files = (
				4C021593201A2E19003FE351 /* ViewController.swift in Sources */,
				4C021591201A2E19003FE351 /* AppDelegate.swift in Sources */,
			);
			runOnlyForDeploymentPostprocessing = 0;
		};
		4C02159D201A2E19003FE351 /* Sources */ = {
			isa = PBXSourcesBuildPhase;
			buildActionMask = 2147483647;
			files = (
				4C0215A6201A2E1A003FE351 /* smooTests.swift in Sources */,
			);
			runOnlyForDeploymentPostprocessing = 0;
		};
		4C0215A8201A2E1A003FE351 /* Sources */ = {
			isa = PBXSourcesBuildPhase;
			buildActionMask = 2147483647;
			files = (
				4C0215B1201A2E1A003FE351 /* smooUITests.swift in Sources */,
			);
			runOnlyForDeploymentPostprocessing = 0;
		};
/* End PBXSourcesBuildPhase section */

/* Begin PBXTargetDependency section */
		4C0215A3201A2E1A003FE351 /* PBXTargetDependency */ = {
			isa = PBXTargetDependency;
			target = 4C02158C201A2E19003FE351 /* smoo */;
			targetProxy = 4C0215A2201A2E1A003FE351 /* PBXContainerItemProxy */;
		};
		4C0215AE201A2E1A003FE351 /* PBXTargetDependency */ = {
			isa = PBXTargetDependency;
			target = 4C02158C201A2E19003FE351 /* smoo */;
			targetProxy = 4C0215AD201A2E1A003FE351 /* PBXContainerItemProxy */;
		};
/* End PBXTargetDependency section */

/* Begin PBXVariantGroup section */
		4C021594201A2E19003FE351 /* Main.storyboard */ = {
			isa = PBXVariantGroup;
			children = (
				4C021595201A2E19003FE351 /* Base */,
			);
			name = Main.storyboard;
			sourceTree = "<group>";
		};
		4C021599201A2E19003FE351 /* LaunchScreen.storyboard */ = {
			isa = PBXVariantGroup;
			children = (
				4C02159A201A2E19003FE351 /* Base */,
			);
			name = LaunchScreen.storyboard;
			sourceTree = "<group>";
		};
/* End PBXVariantGroup section */

/* Begin XCBuildConfiguration section */
		4C0215B3201A2E1A003FE351 /* Debug */ = {
			isa = XCBuildConfiguration;
			buildSettings = {
				ALWAYS_SEARCH_USER_PATHS = NO;
				CLANG_ANALYZER_NONNULL = YES;
				CLANG_ANALYZER_NUMBER_OBJECT_CONVERSION = YES_AGGRESSIVE;
				CLANG_CXX_LANGUAGE_STANDARD = "gnu++14";
				CLANG_CXX_LIBRARY = "libc++";
				CLANG_ENABLE_MODULES = YES;
				CLANG_ENABLE_OBJC_ARC = YES;
				CLANG_WARN_BLOCK_CAPTURE_AUTORELEASING = YES;
				CLANG_WARN_BOOL_CONVERSION = YES;
				CLANG_WARN_COMMA = YES;
				CLANG_WARN_CONSTANT_CONVERSION = YES;
				CLANG_WARN_DIRECT_OBJC_ISA_USAGE = YES_ERROR;
				CLANG_WARN_DOCUMENTATION_COMMENTS = YES;
				CLANG_WARN_EMPTY_BODY = YES;
				CLANG_WARN_ENUM_CONVERSION = YES;
				CLANG_WARN_INFINITE_RECURSION = YES;
				CLANG_WARN_INT_CONVERSION = YES;
				CLANG_WARN_NON_LITERAL_NULL_CONVERSION = YES;
				CLANG_WARN_OBJC_LITERAL_CONVERSION = YES;
				CLANG_WARN_OBJC_ROOT_CLASS = YES_ERROR;
				CLANG_WARN_RANGE_LOOP_ANALYSIS = YES;
				CLANG_WARN_STRICT_PROTOTYPES = YES;
				CLANG_WARN_SUSPICIOUS_MOVE = YES;
				CLANG_WARN_UNGUARDED_AVAILABILITY = YES_AGGRESSIVE;
				CLANG_WARN_UNREACHABLE_CODE = YES;
				CLANG_WARN__DUPLICATE_METHOD_MATCH = YES;
				CODE_SIGN_IDENTITY = "iPhone Developer";
				COPY_PHASE_STRIP = NO;
				DEBUG_INFORMATION_FORMAT = dwarf;
				ENABLE_STRICT_OBJC_MSGSEND = YES;
				ENABLE_TESTABILITY = YES;
				GCC_C_LANGUAGE_STANDARD = gnu11;
				GCC_DYNAMIC_NO_PIC = NO;
				GCC_NO_COMMON_BLOCKS = YES;
				GCC_OPTIMIZATION_LEVEL = 0;
				GCC_PREPROCESSOR_DEFINITIONS = (
					"DEBUG=1",
					"$(inherited)",
				);
				GCC_WARN_64_TO_32_BIT_CONVERSION = YES;
				GCC_WARN_ABOUT_RETURN_TYPE = YES_ERROR;
				GCC_WARN_UNDECLARED_SELECTOR = YES;
				GCC_WARN_UNINITIALIZED_AUTOS = YES_AGGRESSIVE;
				GCC_WARN_UNUSED_FUNCTION = YES;
				GCC_WARN_UNUSED_VARIABLE = YES;
				IPHONEOS_DEPLOYMENT_TARGET = 11.2;
				MTL_ENABLE_DEBUG_INFO = YES;
				ONLY_ACTIVE_ARCH = YES;
				SDKROOT = iphoneos;
				SWIFT_ACTIVE_COMPILATION_CONDITIONS = DEBUG;
				SWIFT_OPTIMIZATION_LEVEL = "-Onone";
			};
			name = Debug;
		};
		4C0215B4201A2E1A003FE351 /* Release */ = {
			isa = XCBuildConfiguration;
			buildSettings = {
				ALWAYS_SEARCH_USER_PATHS = NO;
				CLANG_ANALYZER_NONNULL = YES;
				CLANG_ANALYZER_NUMBER_OBJECT_CONVERSION = YES_AGGRESSIVE;
				CLANG_CXX_LANGUAGE_STANDARD = "gnu++14";
				CLANG_CXX_LIBRARY = "libc++";
				CLANG_ENABLE_MODULES = YES;
				CLANG_ENABLE_OBJC_ARC = YES;
				CLANG_WARN_BLOCK_CAPTURE_AUTORELEASING = YES;
				CLANG_WARN_BOOL_CONVERSION = YES;
				CLANG_WARN_COMMA = YES;
				CLANG_WARN_CONSTANT_CONVERSION = YES;
				CLANG_WARN_DIRECT_OBJC_ISA_USAGE = YES_ERROR;
				CLANG_WARN_DOCUMENTATION_COMMENTS = YES;
				CLANG_WARN_EMPTY_BODY = YES;
				CLANG_WARN_ENUM_CONVERSION = YES;
				CLANG_WARN_INFINITE_RECURSION = YES;
				CLANG_WARN_INT_CONVERSION = YES;
				CLANG_WARN_NON_LITERAL_NULL_CONVERSION = YES;
				CLANG_WARN_OBJC_LITERAL_CONVERSION = YES;
				CLANG_WARN_OBJC_ROOT_CLASS = YES_ERROR;
				CLANG_WARN_RANGE_LOOP_ANALYSIS = YES;
				CLANG_WARN_STRICT_PROTOTYPES = YES;
				CLANG_WARN_SUSPICIOUS_MOVE = YES;
				CLANG_WARN_UNGUARDED_AVAILABILITY = YES_AGGRESSIVE;
				CLANG_WARN_UNREACHABLE_CODE = YES;
				CLANG_WARN__DUPLICATE_METHOD_MATCH = YES;
				CODE_SIGN_IDENTITY = "iPhone Developer";
				COPY_PHASE_STRIP = NO;
				DEBUG_INFORMATION_FORMAT = "dwarf-with-dsym";
				ENABLE_NS_ASSERTIONS = NO;
				ENABLE_STRICT_OBJC_MSGSEND = YES;
				GCC_C_LANGUAGE_STANDARD = gnu11;
				GCC_NO_COMMON_BLOCKS = YES;
				GCC_WARN_64_TO_32_BIT_CONVERSION = YES;
				GCC_WARN_ABOUT_RETURN_TYPE = YES_ERROR;
				GCC_WARN_UNDECLARED_SELECTOR = YES;
				GCC_WARN_UNINITIALIZED_AUTOS = YES_AGGRESSIVE;
				GCC_WARN_UNUSED_FUNCTION = YES;
				GCC_WARN_UNUSED_VARIABLE = YES;
				IPHONEOS_DEPLOYMENT_TARGET = 11.2;
				MTL_ENABLE_DEBUG_INFO = NO;
				SDKROOT = iphoneos;
				SWIFT_OPTIMIZATION_LEVEL = "-Owholemodule";
				VALIDATE_PRODUCT = YES;
			};
			name = Release;
		};
		4C0215B6201A2E1A003FE351 /* Debug */ = {
			isa = XCBuildConfiguration;
			buildSettings = {
				ASSETCATALOG_COMPILER_APPICON_NAME = AppIcon;
				CODE_SIGN_STYLE = Automatic;
				DEVELOPMENT_TEAM = G87HUM96UL;
				INFOPLIST_FILE = smoo/Info.plist;
				LD_RUNPATH_SEARCH_PATHS = "$(inherited) @executable_path/Frameworks";
				PRODUCT_BUNDLE_IDENTIFIER = com.theflawlesshack.smoo;
				PRODUCT_NAME = "$(TARGET_NAME)";
				SWIFT_VERSION = 4.0;
				TARGETED_DEVICE_FAMILY = "1,2";
			};
			name = Debug;
		};
		4C0215B7201A2E1A003FE351 /* Release */ = {
			isa = XCBuildConfiguration;
			buildSettings = {
				ASSETCATALOG_COMPILER_APPICON_NAME = AppIcon;
				CODE_SIGN_STYLE = Automatic;
				DEVELOPMENT_TEAM = G87HUM96UL;
				INFOPLIST_FILE = smoo/Info.plist;
				LD_RUNPATH_SEARCH_PATHS = "$(inherited) @executable_path/Frameworks";
				PRODUCT_BUNDLE_IDENTIFIER = com.theflawlesshack.smoo;
				PRODUCT_NAME = "$(TARGET_NAME)";
				SWIFT_VERSION = 4.0;
				TARGETED_DEVICE_FAMILY = "1,2";
			};
			name = Release;
		};
		4C0215B9201A2E1A003FE351 /* Debug */ = {
			isa = XCBuildConfiguration;
			buildSettings = {
				ALWAYS_EMBED_SWIFT_STANDARD_LIBRARIES = YES;
				BUNDLE_LOADER = "$(TEST_HOST)";
				CODE_SIGN_STYLE = Automatic;
				DEVELOPMENT_TEAM = G87HUM96UL;
				INFOPLIST_FILE = smooTests/Info.plist;
				LD_RUNPATH_SEARCH_PATHS = "$(inherited) @executable_path/Frameworks @loader_path/Frameworks";
				PRODUCT_BUNDLE_IDENTIFIER = com.theflawlesshack.smooTests;
				PRODUCT_NAME = "$(TARGET_NAME)";
				SWIFT_VERSION = 4.0;
				TARGETED_DEVICE_FAMILY = "1,2";
				TEST_HOST = "$(BUILT_PRODUCTS_DIR)/smoo.app/smoo";
			};
			name = Debug;
		};
		4C0215BA201A2E1A003FE351 /* Release */ = {
			isa = XCBuildConfiguration;
			buildSettings = {
				ALWAYS_EMBED_SWIFT_STANDARD_LIBRARIES = YES;
				BUNDLE_LOADER = "$(TEST_HOST)";
				CODE_SIGN_STYLE = Automatic;
				DEVELOPMENT_TEAM = G87HUM96UL;
				INFOPLIST_FILE = smooTests/Info.plist;
				LD_RUNPATH_SEARCH_PATHS = "$(inherited) @executable_path/Frameworks @loader_path/Frameworks";
				PRODUCT_BUNDLE_IDENTIFIER = com.theflawlesshack.smooTests;
				PRODUCT_NAME = "$(TARGET_NAME)";
				SWIFT_VERSION = 4.0;
				TARGETED_DEVICE_FAMILY = "1,2";
				TEST_HOST = "$(BUILT_PRODUCTS_DIR)/smoo.app/smoo";
			};
			name = Release;
		};
		4C0215BC201A2E1A003FE351 /* Debug */ = {
			isa = XCBuildConfiguration;
			buildSettings = {
				ALWAYS_EMBED_SWIFT_STANDARD_LIBRARIES = YES;
				CODE_SIGN_STYLE = Automatic;
				DEVELOPMENT_TEAM = G87HUM96UL;
				INFOPLIST_FILE = smooUITests/Info.plist;
				LD_RUNPATH_SEARCH_PATHS = "$(inherited) @executable_path/Frameworks @loader_path/Frameworks";
				PRODUCT_BUNDLE_IDENTIFIER = com.theflawlesshack.smooUITests;
				PRODUCT_NAME = "$(TARGET_NAME)";
				SWIFT_VERSION = 4.0;
				TARGETED_DEVICE_FAMILY = "1,2";
				TEST_TARGET_NAME = smoo;
			};
			name = Debug;
		};
		4C0215BD201A2E1A003FE351 /* Release */ = {
			isa = XCBuildConfiguration;
			buildSettings = {
				ALWAYS_EMBED_SWIFT_STANDARD_LIBRARIES = YES;
				CODE_SIGN_STYLE = Automatic;
				DEVELOPMENT_TEAM = G87HUM96UL;
				INFOPLIST_FILE = smooUITests/Info.plist;
				LD_RUNPATH_SEARCH_PATHS = "$(inherited) @executable_path/Frameworks @loader_path/Frameworks";
				PRODUCT_BUNDLE_IDENTIFIER = com.theflawlesshack.smooUITests;
				PRODUCT_NAME = "$(TARGET_NAME)";
				SWIFT_VERSION = 4.0;
				TARGETED_DEVICE_FAMILY = "1,2";
				TEST_TARGET_NAME = smoo;
			};
			name = Release;
		};
/* End XCBuildConfiguration section */

/* Begin XCConfigurationList section */
		4C021588201A2E19003FE351 /* Build configuration list for PBXProject "smoo" */ = {
			isa = XCConfigurationList;
			buildConfigurations = (
				4C0215B3201A2E1A003FE351 /* Debug */,
				4C0215B4201A2E1A003FE351 /* Release */,
			);
			defaultConfigurationIsVisible = 0;
			defaultConfigurationName = Release;
		};
		4C0215B5201A2E1A003FE351 /* Build configuration list for PBXNativeTarget "smoo" */ = {
			isa = XCConfigurationList;
			buildConfigurations = (
				4C0215B6201A2E1A003FE351 /* Debug */,
				4C0215B7201A2E1A003FE351 /* Release */,
			);
			defaultConfigurationIsVisible = 0;
			defaultConfigurationName = Release;
		};
		4C0215B8201A2E1A003FE351 /* Build configuration list for PBXNativeTarget "smooTests" */ = {
			isa = XCConfigurationList;
			buildConfigurations = (
				4C0215B9201A2E1A003FE351 /* Debug */,
				4C0215BA201A2E1A003FE351 /* Release */,
			);
			defaultConfigurationIsVisible = 0;
			defaultConfigurationName = Release;
		};
		4C0215BB201A2E1A003FE351 /* Build configuration list for PBXNativeTarget "smooUITests" */ = {
			isa = XCConfigurationList;
			buildConfigurations = (
				4C0215BC201A2E1A003FE351 /* Debug */,
				4C0215BD201A2E1A003FE351 /* Release */,
			);
			defaultConfigurationIsVisible = 0;
			defaultConfigurationName = Release;
		};
/* End XCConfigurationList section */
	};
	rootObject = 4C021585201A2E19003FE351 /* Project object */;
}
